PODS:
  - GCDWebServer (3.5.2):
    - GCDWebServer/Core (= 3.5.2)
  - GCDWebServer/Core (3.5.2)

DEPENDENCIES:
  - GCDWebServer

SPEC REPOS:
  https://github.com/cocoapods/specs.git:
    - GCDWebServer

SPEC CHECKSUMS:
  GCDWebServer: ead88cd14596dd4eae4f5830b8877c87c8728990

PODFILE CHECKSUM: e994e87555cdd7beede0255681eadfba93ed6f94

COCOAPODS: 1.5.3
